
Microsoft Visual Studio Solution File, Format Version 12.00
# Visual Studio Version 17
VisualStudioVersion = 17.0.31717.71
MinimumVisualStudioVersion = 10.0.40219.1
Project("{9A19103F-16F7-4668-BE54-9A1E7A4F7556}") = "Collatz", "Collatz\Collatz.csproj", "{BD8F1997-586A-41F5-9879-738E24416914}"
EndProject
Project("{2150E333-8FDC-42A3-9474-1A3956D46DE8}") = "Solution Items", "Solution Items", "{3C581F6E-78EB-49FF-8869-2254DC6E4ACB}"
	ProjectSection(SolutionItems) = preProject
		.editorconfig = .editorconfig
		Directory.Build.props = Directory.Build.props
		Directory.Build.targets = Directory.Build.targets
	EndProjectSection
EndProject
Project("{FAE04EC0-301F-11D3-BF4B-00C04F79EFBC}") = "Collatz.Tests", "Collatz.Tests\Collatz.Tests.csproj", "{52911B86-B638-4CD3-A05C-0DCA6BFD546D}"
EndProject
Global
	GlobalSection(SolutionConfigurationPlatforms) = preSolution
		Debug|Any CPU = Debug|Any CPU
		Release|Any CPU = Release|Any CPU
	EndGlobalSection
	GlobalSection(ProjectConfigurationPlatforms) = postSolution
		{BD8F1997-586A-41F5-9879-738E24416914}.Debug|Any CPU.ActiveCfg = Debug|Any CPU
		{BD8F1997-586A-41F5-9879-738E24416914}.Debug|Any CPU.Build.0 = Debug|Any CPU
		{BD8F1997-586A-41F5-9879-738E24416914}.Release|Any CPU.ActiveCfg = Release|Any CPU
		{BD8F1997-586A-41F5-9879-738E24416914}.Release|Any CPU.Build.0 = Release|Any CPU
		{52911B86-B638-4CD3-A05C-0DCA6BFD546D}.Debug|Any CPU.ActiveCfg = Debug|Any CPU
		{52911B86-B638-4CD3-A05C-0DCA6BFD546D}.Debug|Any CPU.Build.0 = Debug|Any CPU
		{52911B86-B638-4CD3-A05C-0DCA6BFD546D}.Release|Any CPU.ActiveCfg = Release|Any CPU
		{52911B86-B638-4CD3-A05C-0DCA6BFD546D}.Release|Any CPU.Build.0 = Release|Any CPU
	EndGlobalSection
	GlobalSection(SolutionProperties) = preSolution
		HideSolutionNode = FALSE
	EndGlobalSection
	GlobalSection(ExtensibilityGlobals) = postSolution
		SolutionGuid = {055601AB-CA58-4386-B8D3-E0915AA7EC94}
	EndGlobalSection
EndGlobal
